// !$*UTF8*$!
{
	archiveVersion = 1;
	classes = {
	};
	objectVersion = 46;
	objects = {

/* Begin PBXBuildFile section */
		277E91D11BF8037A0002FC4D /* AppDelegate.swift in Sources */ = {isa = PBXBuildFile; fileRef = 277E91D01BF8037A0002FC4D /* AppDelegate.swift */; };
		277E91D31BF8037A0002FC4D /* RootViewController.swift in Sources */ = {isa = PBXBuildFile; fileRef = 277E91D21BF8037A0002FC4D /* RootViewController.swift */; };
		277E91D51BF8037A0002FC4D /* DataViewController.swift in Sources */ = {isa = PBXBuildFile; fileRef = 277E91D41BF8037A0002FC4D /* DataViewController.swift */; };
		277E91D71BF8037A0002FC4D /* ModelController.swift in Sources */ = {isa = PBXBuildFile; fileRef = 277E91D61BF8037A0002FC4D /* ModelController.swift */; };
		277E91DA1BF8037A0002FC4D /* Main.storyboard in Resources */ = {isa = PBXBuildFile; fileRef = 277E91D81BF8037A0002FC4D /* Main.storyboard */; };
		277E91DC1BF8037A0002FC4D /* Assets.xcassets in Resources */ = {isa = PBXBuildFile; fileRef = 277E91DB1BF8037A0002FC4D /* Assets.xcassets */; };
		277E91DF1BF8037A0002FC4D /* LaunchScreen.storyboard in Resources */ = {isa = PBXBuildFile; fileRef = 277E91DD1BF8037A0002FC4D /* LaunchScreen.storyboard */; };
		277E91EA1BF8037A0002FC4D /* OOOOTests.swift in Sources */ = {isa = PBXBuildFile; fileRef = 277E91E91BF8037A0002FC4D /* OOOOTests.swift */; };
/* End PBXBuildFile section */

/* Begin PBXContainerItemProxy section */
		277E91E61BF8037A0002FC4D /* PBXContainerItemProxy */ = {
			isa = PBXContainerItemProxy;
			containerPortal = 277E91C51BF8037A0002FC4D /* Project object */;
			proxyType = 1;
			remoteGlobalIDString = 277E91CC1BF8037A0002FC4D;
			remoteInfo = OOOO;
		};
/* End PBXContainerItemProxy section */

/* Begin PBXFileReference section */
		277E91CD1BF8037A0002FC4D /* OOOO.app */ = {isa = PBXFileReference; explicitFileType = wrapper.application; includeInIndex = 0; path = OOOO.app; sourceTree = BUILT_PRODUCTS_DIR; };
		277E91D01BF8037A0002FC4D /* AppDelegate.swift */ = {isa = PBXFileReference; lastKnownFileType = sourcecode.swift; path = AppDelegate.swift; sourceTree = "<group>"; };
		277E91D21BF8037A0002FC4D /* RootViewController.swift */ = {isa = PBXFileReference; lastKnownFileType = sourcecode.swift; path = RootViewController.swift; sourceTree = "<group>"; };
		277E91D41BF8037A0002FC4D /* DataViewController.swift */ = {isa = PBXFileReference; lastKnownFileType = sourcecode.swift; path = DataViewController.swift; sourceTree = "<group>"; };
		277E91D61BF8037A0002FC4D /* ModelController.swift */ = {isa = PBXFileReference; lastKnownFileType = sourcecode.swift; path = ModelController.swift; sourceTree = "<group>"; };
		277E91D91BF8037A0002FC4D /* Base */ = {isa = PBXFileReference; lastKnownFileType = file.storyboard; name = Base; path = Base.lproj/Main.storyboard; sourceTree = "<group>"; };
		277E91DB1BF8037A0002FC4D /* Assets.xcassets */ = {isa = PBXFileReference; lastKnownFileType = folder.assetcatalog; path = Assets.xcassets; sourceTree = "<group>"; };
		277E91DE1BF8037A0002FC4D /* Base */ = {isa = PBXFileReference; lastKnownFileType = file.storyboard; name = Base; path = Base.lproj/LaunchScreen.storyboard; sourceTree = "<group>"; };
		277E91E01BF8037A0002FC4D /* Info.plist */ = {isa = PBXFileReference; lastKnownFileType = text.plist.xml; path = Info.plist; sourceTree = "<group>"; };
		277E91E51BF8037A0002FC4D /* OOOOTests.xctest */ = {isa = PBXFileReference; explicitFileType = wrapper.cfbundle; includeInIndex = 0; path = OOOOTests.xctest; sourceTree = BUILT_PRODUCTS_DIR; };
		277E91E91BF8037A0002FC4D /* OOOOTests.swift */ = {isa = PBXFileReference; lastKnownFileType = sourcecode.swift; path = OOOOTests.swift; sourceTree = "<group>"; };
		277E91EB1BF8037A0002FC4D /* Info.plist */ = {isa = PBXFileReference; lastKnownFileType = text.plist.xml; path = Info.plist; sourceTree = "<group>"; };
/* End PBXFileReference section */

/* Begin PBXFrameworksBuildPhase section */
		277E91CA1BF8037A0002FC4D /* Frameworks */ = {
			isa = PBXFrameworksBuildPhase;
			buildActionMask = 2147483647;
			files = (
			);
			runOnlyForDeploymentPostprocessing = 0;
		};
		277E91E21BF8037A0002FC4D /* Frameworks */ = {
			isa = PBXFrameworksBuildPhase;
			buildActionMask = 2147483647;
			files = (
			);
			runOnlyForDeploymentPostprocessing = 0;
		};
/* End PBXFrameworksBuildPhase section */

/* Begin PBXGroup section */
		277E91C41BF8037A0002FC4D = {
			isa = PBXGroup;
			children = (
				277E91CF1BF8037A0002FC4D /* OOOO */,
				277E91E81BF8037A0002FC4D /* OOOOTests */,
				277E91CE1BF8037A0002FC4D /* Products */,
			);
			sourceTree = "<group>";
		};
		277E91CE1BF8037A0002FC4D /* Products */ = {
			isa = PBXGroup;
			children = (
				277E91CD1BF8037A0002FC4D /* OOOO.app */,
				277E91E51BF8037A0002FC4D /* OOOOTests.xctest */,
			);
			name = Products;
			sourceTree = "<group>";
		};
		277E91CF1BF8037A0002FC4D /* OOOO */ = {
			isa = PBXGroup;
			children = (
				277E91D01BF8037A0002FC4D /* AppDelegate.swift */,
				277E91D21BF8037A0002FC4D /* RootViewController.swift */,
				277E91D41BF8037A0002FC4D /* DataViewController.swift */,
				277E91D61BF8037A0002FC4D /* ModelController.swift */,
				277E91D81BF8037A0002FC4D /* Main.storyboard */,
				277E91DB1BF8037A0002FC4D /* Assets.xcassets */,
				277E91DD1BF8037A0002FC4D /* LaunchScreen.storyboard */,
				277E91E01BF8037A0002FC4D /* Info.plist */,
			);
			path = OOOO;
			sourceTree = "<group>";
		};
		277E91E81BF8037A0002FC4D /* OOOOTests */ = {
			isa = PBXGroup;
			children = (
				277E91E91BF8037A0002FC4D /* OOOOTests.swift */,
				277E91EB1BF8037A0002FC4D /* Info.plist */,
			);
			path = OOOOTests;
			sourceTree = "<group>";
		};
/* End PBXGroup section */

/* Begin PBXNativeTarget section */
		277E91CC1BF8037A0002FC4D /* OOOO */ = {
			isa = PBXNativeTarget;
			buildConfigurationList = 277E91EE1BF8037A0002FC4D /* Build configuration list for PBXNativeTarget "OOOO" */;
			buildPhases = (
				277E91C91BF8037A0002FC4D /* Sources */,
				277E91CA1BF8037A0002FC4D /* Frameworks */,
				277E91CB1BF8037A0002FC4D /* Resources */,
			);
			buildRules = (
			);
			dependencies = (
			);
			name = OOOO;
			productName = OOOO;
			productReference = 277E91CD1BF8037A0002FC4D /* OOOO.app */;
			productType = "com.apple.product-type.application";
		};
		277E91E41BF8037A0002FC4D /* OOOOTests */ = {
			isa = PBXNativeTarget;
			buildConfigurationList = 277E91F11BF8037A0002FC4D /* Build configuration list for PBXNativeTarget "OOOOTests" */;
			buildPhases = (
				277E91E11BF8037A0002FC4D /* Sources */,
				277E91E21BF8037A0002FC4D /* Frameworks */,
				277E91E31BF8037A0002FC4D /* Resources */,
			);
			buildRules = (
			);
			dependencies = (
				277E91E71BF8037A0002FC4D /* PBXTargetDependency */,
			);
			name = OOOOTests;
			productName = OOOOTests;
			productReference = 277E91E51BF8037A0002FC4D /* OOOOTests.xctest */;
			productType = "com.apple.product-type.bundle.unit-test";
		};
/* End PBXNativeTarget section */

/* Begin PBXProject section */
		277E91C51BF8037A0002FC4D /* Project object */ = {
			isa = PBXProject;
			attributes = {
				LastSwiftUpdateCheck = 0710;
				LastUpgradeCheck = 0710;
				ORGANIZATIONNAME = cnwang;
				TargetAttributes = {
					277E91CC1BF8037A0002FC4D = {
						CreatedOnToolsVersion = 7.1;
					};
					277E91E41BF8037A0002FC4D = {
						CreatedOnToolsVersion = 7.1;
						TestTargetID = 277E91CC1BF8037A0002FC4D;
					};
				};
			};
			buildConfigurationList = 277E91C81BF8037A0002FC4D /* Build configuration list for PBXProject "OOOO" */;
			compatibilityVersion = "Xcode 3.2";
			developmentRegion = English;
			hasScannedForEncodings = 0;
			knownRegions = (
				en,
				Base,
			);
			mainGroup = 277E91C41BF8037A0002FC4D;
			productRefGroup = 277E91CE1BF8037A0002FC4D /* Products */;
			projectDirPath = "";
			projectRoot = "";
			targets = (
				277E91CC1BF8037A0002FC4D /* OOOO */,
				277E91E41BF8037A0002FC4D /* OOOOTests */,
			);
		};
/* End PBXProject section */

/* Begin PBXResourcesBuildPhase section */
		277E91CB1BF8037A0002FC4D /* Resources */ = {
			isa = PBXResourcesBuildPhase;
			buildActionMask = 2147483647;
			files = (
				277E91DF1BF8037A0002FC4D /* LaunchScreen.storyboard in Resources */,
				277E91DC1BF8037A0002FC4D /* Assets.xcassets in Resources */,
				277E91DA1BF8037A0002FC4D /* Main.storyboard in Resources */,
			);
			runOnlyForDeploymentPostprocessing = 0;
		};
		277E91E31BF8037A0002FC4D /* Resources */ = {
			isa = PBXResourcesBuildPhase;
			buildActionMask = 2147483647;
			files = (
			);
			runOnlyForDeploymentPostprocessing = 0;
		};
/* End PBXResourcesBuildPhase section */

/* Begin PBXSourcesBuildPhase section */
		277E91C91BF8037A0002FC4D /* Sources */ = {
			isa = PBXSourcesBuildPhase;
			buildActionMask = 2147483647;
			files = (
				277E91D31BF8037A0002FC4D /* RootViewController.swift in Sources */,
				277E91D71BF8037A0002FC4D /* ModelController.swift in Sources */,
				277E91D51BF8037A0002FC4D /* DataViewController.swift in Sources */,
				277E91D11BF8037A0002FC4D /* AppDelegate.swift in Sources */,
			);
			runOnlyForDeploymentPostprocessing = 0;
		};
		277E91E11BF8037A0002FC4D /* Sources */ = {
			isa = PBXSourcesBuildPhase;
			buildActionMask = 2147483647;
			files = (
				277E91EA1BF8037A0002FC4D /* OOOOTests.swift in Sources */,
			);
			runOnlyForDeploymentPostprocessing = 0;
		};
/* End PBXSourcesBuildPhase section */

/* Begin PBXTargetDependency section */
		277E91E71BF8037A0002FC4D /* PBXTargetDependency */ = {
			isa = PBXTargetDependency;
			target = 277E91CC1BF8037A0002FC4D /* OOOO */;
			targetProxy = 277E91E61BF8037A0002FC4D /* PBXContainerItemProxy */;
		};
/* End PBXTargetDependency section */

/* Begin PBXVariantGroup section */
		277E91D81BF8037A0002FC4D /* Main.storyboard */ = {
			isa = PBXVariantGroup;
			children = (
				277E91D91BF8037A0002FC4D /* Base */,
			);
			name = Main.storyboard;
			sourceTree = "<group>";
		};
		277E91DD1BF8037A0002FC4D /* LaunchScreen.storyboard */ = {
			isa = PBXVariantGroup;
			children = (
				277E91DE1BF8037A0002FC4D /* Base */,
			);
			name = LaunchScreen.storyboard;
			sourceTree = "<group>";
		};
/* End PBXVariantGroup section */

/* Begin XCBuildConfiguration section */
		277E91EC1BF8037A0002FC4D /* Debug */ = {
			isa = XCBuildConfiguration;
			buildSettings = {
				ALWAYS_SEARCH_USER_PATHS = NO;
				CLANG_CXX_LANGUAGE_STANDARD = "gnu++0x";
				CLANG_CXX_LIBRARY = "libc++";
				CLANG_ENABLE_MODULES = YES;
				CLANG_ENABLE_OBJC_ARC = YES;
				CLANG_WARN_BOOL_CONVERSION = YES;
				CLANG_WARN_CONSTANT_CONVERSION = YES;
				CLANG_WARN_DIRECT_OBJC_ISA_USAGE = YES_ERROR;
				CLANG_WARN_EMPTY_BODY = YES;
				CLANG_WARN_ENUM_CONVERSION = YES;
				CLANG_WARN_INT_CONVERSION = YES;
				CLANG_WARN_OBJC_ROOT_CLASS = YES_ERROR;
				CLANG_WARN_UNREACHABLE_CODE = YES;
				CLANG_WARN__DUPLICATE_METHOD_MATCH = YES;
				"CODE_SIGN_IDENTITY[sdk=iphoneos*]" = "iPhone Developer";
				COPY_PHASE_STRIP = NO;
				DEBUG_INFORMATION_FORMAT = dwarf;
				ENABLE_STRICT_OBJC_MSGSEND = YES;
				ENABLE_TESTABILITY = YES;
				GCC_C_LANGUAGE_STANDARD = gnu99;
				GCC_DYNAMIC_NO_PIC = NO;
				GCC_NO_COMMON_BLOCKS = YES;
				GCC_OPTIMIZATION_LEVEL = 0;
				GCC_PREPROCESSOR_DEFINITIONS = (
					"DEBUG=1",
					"$(inherited)",
				);
				GCC_WARN_64_TO_32_BIT_CONVERSION = YES;
				GCC_WARN_ABOUT_RETURN_TYPE = YES_ERROR;
				GCC_WARN_UNDECLARED_SELECTOR = YES;
				GCC_WARN_UNINITIALIZED_AUTOS = YES_AGGRESSIVE;
				GCC_WARN_UNUSED_FUNCTION = YES;
				GCC_WARN_UNUSED_VARIABLE = YES;
				IPHONEOS_DEPLOYMENT_TARGET = 9.1;
				MTL_ENABLE_DEBUG_INFO = YES;
				ONLY_ACTIVE_ARCH = YES;
				SDKROOT = iphoneos;
				SWIFT_OPTIMIZATION_LEVEL = "-Onone";
				TARGETED_DEVICE_FAMILY = "1,2";
			};
			name = Debug;
		};
		277E91ED1BF8037A0002FC4D /* Release */ = {
			isa = XCBuildConfiguration;
			buildSettings = {
				ALWAYS_SEARCH_USER_PATHS = NO;
				CLANG_CXX_LANGUAGE_STANDARD = "gnu++0x";
				CLANG_CXX_LIBRARY = "libc++";
				CLANG_ENABLE_MODULES = YES;
				CLANG_ENABLE_OBJC_ARC = YES;
				CLANG_WARN_BOOL_CONVERSION = YES;
				CLANG_WARN_CONSTANT_CONVERSION = YES;
				CLANG_WARN_DIRECT_OBJC_ISA_USAGE = YES_ERROR;
				CLANG_WARN_EMPTY_BODY = YES;
				CLANG_WARN_ENUM_CONVERSION = YES;
				CLANG_WARN_INT_CONVERSION = YES;
				CLANG_WARN_OBJC_ROOT_CLASS = YES_ERROR;
				CLANG_WARN_UNREACHABLE_CODE = YES;
				CLANG_WARN__DUPLICATE_METHOD_MATCH = YES;
				"CODE_SIGN_IDENTITY[sdk=iphoneos*]" = "iPhone Developer";
				COPY_PHASE_STRIP = NO;
				DEBUG_INFORMATION_FORMAT = "dwarf-with-dsym";
				ENABLE_NS_ASSERTIONS = NO;
				ENABLE_STRICT_OBJC_MSGSEND = YES;
				GCC_C_LANGUAGE_STANDARD = gnu99;
				GCC_NO_COMMON_BLOCKS = YES;
				GCC_WARN_64_TO_32_BIT_CONVERSION = YES;
				GCC_WARN_ABOUT_RETURN_TYPE = YES_ERROR;
				GCC_WARN_UNDECLARED_SELECTOR = YES;
				GCC_WARN_UNINITIALIZED_AUTOS = YES_AGGRESSIVE;
				GCC_WARN_UNUSED_FUNCTION = YES;
				GCC_WARN_UNUSED_VARIABLE = YES;
				IPHONEOS_DEPLOYMENT_TARGET = 9.1;
				MTL_ENABLE_DEBUG_INFO = NO;
				SDKROOT = iphoneos;
				TARGETED_DEVICE_FAMILY = "1,2";
				VALIDATE_PRODUCT = YES;
			};
			name = Release;
		};
		277E91EF1BF8037A0002FC4D /* Debug */ = {
			isa = XCBuildConfiguration;
			buildSettings = {
				ASSETCATALOG_COMPILER_APPICON_NAME = AppIcon;
				INFOPLIST_FILE = OOOO/Info.plist;
				LD_RUNPATH_SEARCH_PATHS = "$(inherited) @executable_path/Frameworks";
				PRODUCT_BUNDLE_IDENTIFIER = com.blogdns.cnwang.OOOO;
				PRODUCT_NAME = "$(TARGET_NAME)";
			};
			name = Debug;
		};
		277E91F01BF8037A0002FC4D /* Release */ = {
			isa = XCBuildConfiguration;
			buildSettings = {
				ASSETCATALOG_COMPILER_APPICON_NAME = AppIcon;
				INFOPLIST_FILE = OOOO/Info.plist;
				LD_RUNPATH_SEARCH_PATHS = "$(inherited) @executable_path/Frameworks";
				PRODUCT_BUNDLE_IDENTIFIER = com.blogdns.cnwang.OOOO;
				PRODUCT_NAME = "$(TARGET_NAME)";
			};
			name = Release;
		};
		277E91F21BF8037A0002FC4D /* Debug */ = {
			isa = XCBuildConfiguration;
			buildSettings = {
				BUNDLE_LOADER = "$(TEST_HOST)";
				INFOPLIST_FILE = OOOOTests/Info.plist;
				LD_RUNPATH_SEARCH_PATHS = "$(inherited) @executable_path/Frameworks @loader_path/Frameworks";
				PRODUCT_BUNDLE_IDENTIFIER = com.blogdns.cnwang.OOOOTests;
				PRODUCT_NAME = "$(TARGET_NAME)";
				TEST_HOST = "$(BUILT_PRODUCTS_DIR)/OOOO.app/OOOO";
			};
			name = Debug;
		};
		277E91F31BF8037A0002FC4D /* Release */ = {
			isa = XCBuildConfiguration;
			buildSettings = {
				BUNDLE_LOADER = "$(TEST_HOST)";
				INFOPLIST_FILE = OOOOTests/Info.plist;
				LD_RUNPATH_SEARCH_PATHS = "$(inherited) @executable_path/Frameworks @loader_path/Frameworks";
				PRODUCT_BUNDLE_IDENTIFIER = com.blogdns.cnwang.OOOOTests;
				PRODUCT_NAME = "$(TARGET_NAME)";
				TEST_HOST = "$(BUILT_PRODUCTS_DIR)/OOOO.app/OOOO";
			};
			name = Release;
		};
/* End XCBuildConfiguration section */

/* Begin XCConfigurationList section */
		277E91C81BF8037A0002FC4D /* Build configuration list for PBXProject "OOOO" */ = {
			isa = XCConfigurationList;
			buildConfigurations = (
				277E91EC1BF8037A0002FC4D /* Debug */,
				277E91ED1BF8037A0002FC4D /* Release */,
			);
			defaultConfigurationIsVisible = 0;
			defaultConfigurationName = Release;
		};
		277E91EE1BF8037A0002FC4D /* Build configuration list for PBXNativeTarget "OOOO" */ = {
			isa = XCConfigurationList;
			buildConfigurations = (
				277E91EF1BF8037A0002FC4D /* Debug */,
				277E91F01BF8037A0002FC4D /* Release */,
			);
			defaultConfigurationIsVisible = 0;
		};
		277E91F11BF8037A0002FC4D /* Build configuration list for PBXNativeTarget "OOOOTests" */ = {
			isa = XCConfigurationList;
			buildConfigurations = (
				277E91F21BF8037A0002FC4D /* Debug */,
				277E91F31BF8037A0002FC4D /* Release */,
			);
			defaultConfigurationIsVisible = 0;
		};
/* End XCConfigurationList section */
	};
	rootObject = 277E91C51BF8037A0002FC4D /* Project object */;
}
